
Microsoft Visual Studio Solution File, Format Version 12.00
# Visual Studio Version 17
VisualStudioVersion = 17.6.33829.357
MinimumVisualStudioVersion = 10.0.40219.1
Project("{FAE04EC0-301F-11D3-BF4B-00C04F79EFBC}") = "SatelliteDataProcessingProject", "SatelliteDataProcessingProject.csproj", "{E120825B-D502-4D03-A69E-0365EB87D99E}"
EndProject
Global
	GlobalSection(SolutionConfigurationPlatforms) = preSolution
		Debug|Any CPU = Debug|Any CPU
		Release|Any CPU = Release|Any CPU
	EndGlobalSection
	GlobalSection(ProjectConfigurationPlatforms) = postSolution
		{E120825B-D502-4D03-A69E-0365EB87D99E}.Debug|Any CPU.ActiveCfg = Debug|Any CPU
		{E120825B-D502-4D03-A69E-0365EB87D99E}.Debug|Any CPU.Build.0 = Debug|Any CPU
		{E120825B-D502-4D03-A69E-0365EB87D99E}.Release|Any CPU.ActiveCfg = Release|Any CPU
		{E120825B-D502-4D03-A69E-0365EB87D99E}.Release|Any CPU.Build.0 = Release|Any CPU
	EndGlobalSection
	GlobalSection(SolutionProperties) = preSolution
		HideSolutionNode = FALSE
	EndGlobalSection
	GlobalSection(ExtensibilityGlobals) = postSolution
		SolutionGuid = {A511857E-6132-465C-94E7-2F685F4A13BD}
	EndGlobalSection
EndGlobal
